// !$*UTF8*$!
{
	archiveVersion = 1;
	classes = {
	};
	objectVersion = 46;
	objects = {

/* Begin PBXBuildFile section */
		5CB470DB43401AE8FA39DC27 /* Pods_dCollector.framework in Frameworks */ = {isa = PBXBuildFile; fileRef = 9EF23F84B3A34D67648F2F56 /* Pods_dCollector.framework */; };
		BB00AE531F70FC9000DDFC6D /* GoogleService-Info.plist in Resources */ = {isa = PBXBuildFile; fileRef = BB00AE521F70FC9000DDFC6D /* GoogleService-Info.plist */; };
		BB063C7F1ED6CB1C00A1DE1C /* MoreTableViewController.swift in Sources */ = {isa = PBXBuildFile; fileRef = BB063C7E1ED6CB1C00A1DE1C /* MoreTableViewController.swift */; };
		BB063C811ED6D9EA00A1DE1C /* LicenseViewController.swift in Sources */ = {isa = PBXBuildFile; fileRef = BB063C801ED6D9EA00A1DE1C /* LicenseViewController.swift */; };
		BB063C831ED6DD0700A1DE1C /* Licenses.plist in Resources */ = {isa = PBXBuildFile; fileRef = BB063C821ED6DD0700A1DE1C /* Licenses.plist */; };
		BB063C851ED6DF5F00A1DE1C /* License.swift in Sources */ = {isa = PBXBuildFile; fileRef = BB063C841ED6DF5F00A1DE1C /* License.swift */; };
		BB063C871ED6E35800A1DE1C /* FileName.swift in Sources */ = {isa = PBXBuildFile; fileRef = BB063C861ED6E35800A1DE1C /* FileName.swift */; };
		BB1948061ECD86CB0065A473 /* Assets.xcassets in Resources */ = {isa = PBXBuildFile; fileRef = BB1948051ECD86CB0065A473 /* Assets.xcassets */; };
		BB1CFA321EE69F7A00B58C57 /* ListsViewController.swift in Sources */ = {isa = PBXBuildFile; fileRef = BB1CFA311EE69F7A00B58C57 /* ListsViewController.swift */; };
		BB2B050C1EF4D34100339B5E /* ModalPresentationController.swift in Sources */ = {isa = PBXBuildFile; fileRef = BB2B050A1EF4D34100339B5E /* ModalPresentationController.swift */; };
		BB2B050D1EF4D34100339B5E /* ModalTransition.swift in Sources */ = {isa = PBXBuildFile; fileRef = BB2B050B1EF4D34100339B5E /* ModalTransition.swift */; };
		BB2D01521EBD673F00D13D35 /* AppGroup.swift in Sources */ = {isa = PBXBuildFile; fileRef = BB2D01511EBD673F00D13D35 /* AppGroup.swift */; };
		BB2D01531EBD673F00D13D35 /* AppGroup.swift in Sources */ = {isa = PBXBuildFile; fileRef = BB2D01511EBD673F00D13D35 /* AppGroup.swift */; };
		BB37967120E11CA300D083B1 /* Alert.swift in Sources */ = {isa = PBXBuildFile; fileRef = BB37967020E11CA300D083B1 /* Alert.swift */; };
		BB3A66641ED81299003E7CC9 /* AppSettings.swift in Sources */ = {isa = PBXBuildFile; fileRef = BB3A66631ED81299003E7CC9 /* AppSettings.swift */; };
		BB3A66661ED8192D003E7CC9 /* SystemConfiguration.framework in Frameworks */ = {isa = PBXBuildFile; fileRef = BB3A66651ED8192D003E7CC9 /* SystemConfiguration.framework */; };
		BB3D02891ECC082200604435 /* ListsTableViewCell.swift in Sources */ = {isa = PBXBuildFile; fileRef = BB3D02871ECC082200604435 /* ListsTableViewCell.swift */; };
		BB3D028A1ECC082200604435 /* ListsTableViewCell.xib in Resources */ = {isa = PBXBuildFile; fileRef = BB3D02881ECC082200604435 /* ListsTableViewCell.xib */; };
		BB3D028F1ECC3C7F00604435 /* ListDetailTableViewCell.swift in Sources */ = {isa = PBXBuildFile; fileRef = BB3D028D1ECC3C7F00604435 /* ListDetailTableViewCell.swift */; };
		BB3D02901ECC3C7F00604435 /* ListDetailTableViewCell.xib in Resources */ = {isa = PBXBuildFile; fileRef = BB3D028E1ECC3C7F00604435 /* ListDetailTableViewCell.xib */; };
		BB7783571EB8A77E004C132E /* ShareViewController.swift in Sources */ = {isa = PBXBuildFile; fileRef = BB7783561EB8A77E004C132E /* ShareViewController.swift */; };
		BB77835A1EB8A77E004C132E /* MainInterface.storyboard in Resources */ = {isa = PBXBuildFile; fileRef = BB7783581EB8A77E004C132E /* MainInterface.storyboard */; };
		BB77835E1EB8A77E004C132E /* ShareExtension.appex in Embed App Extensions */ = {isa = PBXBuildFile; fileRef = BB7783541EB8A77E004C132E /* ShareExtension.appex */; settings = {ATTRIBUTES = (RemoveHeadersOnCopy, ); }; };
		BB7783961EB8B169004C132E /* AppIcon.xcassets in Resources */ = {isa = PBXBuildFile; fileRef = BB7783951EB8B169004C132E /* AppIcon.xcassets */; };
		BBAA326D1F0BB2C200AD97D4 /* MoreBrowserSwitchTableViewCell.swift in Sources */ = {isa = PBXBuildFile; fileRef = BBAA326C1F0BB2C200AD97D4 /* MoreBrowserSwitchTableViewCell.swift */; };
		BBC063781EC5B02B00840A40 /* AppDelegate.swift in Sources */ = {isa = PBXBuildFile; fileRef = BBC0636A1EC5B02B00840A40 /* AppDelegate.swift */; };
		BBC0637B1EC5B02B00840A40 /* Realm.swift in Sources */ = {isa = PBXBuildFile; fileRef = BBC0636D1EC5B02B00840A40 /* Realm.swift */; };
		BBC0637C1EC5B02B00840A40 /* RealmManager.swift in Sources */ = {isa = PBXBuildFile; fileRef = BBC0636E1EC5B02B00840A40 /* RealmManager.swift */; };
		BBC0637F1EC5B02B00840A40 /* Launch.xib in Resources */ = {isa = PBXBuildFile; fileRef = BBC063721EC5B02B00840A40 /* Launch.xib */; };
		BBC063801EC5B02B00840A40 /* ListDetailViewController.swift in Sources */ = {isa = PBXBuildFile; fileRef = BBC063731EC5B02B00840A40 /* ListDetailViewController.swift */; };
		BBC063821EC5B02B00840A40 /* Main.storyboard in Resources */ = {isa = PBXBuildFile; fileRef = BBC063751EC5B02B00840A40 /* Main.storyboard */; };
		BBCB1B3820EB452200467030 /* PropertyAnimation.swift in Sources */ = {isa = PBXBuildFile; fileRef = BBCB1B3720EB452200467030 /* PropertyAnimation.swift */; };
		BBDEB0711EC97A4100E85572 /* UIColorExtension.swift in Sources */ = {isa = PBXBuildFile; fileRef = BBDEB0701EC97A4100E85572 /* UIColorExtension.swift */; };
		BBDEB0861EC9D67100E85572 /* Transaction.swift in Sources */ = {isa = PBXBuildFile; fileRef = BBDEB0851EC9D67100E85572 /* Transaction.swift */; };
		BBE178741F0B9A4100A0A646 /* NavigationController.swift in Sources */ = {isa = PBXBuildFile; fileRef = BBE178731F0B9A4100A0A646 /* NavigationController.swift */; };
		BBF6D0E41EED7B5100F87F88 /* StringExtension.swift in Sources */ = {isa = PBXBuildFile; fileRef = BBF6D0E31EED7B5100F87F88 /* StringExtension.swift */; };
		BBF6D0E71EED7F7200F87F88 /* Localizable.strings in Resources */ = {isa = PBXBuildFile; fileRef = BBF6D0E91EED7F7200F87F88 /* Localizable.strings */; };
/* End PBXBuildFile section */

/* Begin PBXContainerItemProxy section */
		BB77835C1EB8A77E004C132E /* PBXContainerItemProxy */ = {
			isa = PBXContainerItemProxy;
			containerPortal = BB77830A1EB89EEA004C132E /* Project object */;
			proxyType = 1;
			remoteGlobalIDString = BB7783531EB8A77E004C132E;
			remoteInfo = ShareExtension;
		};
/* End PBXContainerItemProxy section */

/* Begin PBXCopyFilesBuildPhase section */
		BB77833B1EB89F2F004C132E /* Embed App Extensions */ = {
			isa = PBXCopyFilesBuildPhase;
			buildActionMask = 2147483647;
			dstPath = "";
			dstSubfolderSpec = 13;
			files = (
				BB77835E1EB8A77E004C132E /* ShareExtension.appex in Embed App Extensions */,
			);
			name = "Embed App Extensions";
			runOnlyForDeploymentPostprocessing = 0;
		};
/* End PBXCopyFilesBuildPhase section */

/* Begin PBXFileReference section */
		1DE47415FCFD202A8960532D /* Pods-dCollector.release.xcconfig */ = {isa = PBXFileReference; includeInIndex = 1; lastKnownFileType = text.xcconfig; name = "Pods-dCollector.release.xcconfig"; path = "Pods/Target Support Files/Pods-dCollector/Pods-dCollector.release.xcconfig"; sourceTree = "<group>"; };
		9EF23F84B3A34D67648F2F56 /* Pods_dCollector.framework */ = {isa = PBXFileReference; explicitFileType = wrapper.framework; includeInIndex = 0; path = Pods_dCollector.framework; sourceTree = BUILT_PRODUCTS_DIR; };
		BB00AE521F70FC9000DDFC6D /* GoogleService-Info.plist */ = {isa = PBXFileReference; fileEncoding = 4; lastKnownFileType = text.plist.xml; path = "GoogleService-Info.plist"; sourceTree = "<group>"; };
		BB063C7E1ED6CB1C00A1DE1C /* MoreTableViewController.swift */ = {isa = PBXFileReference; fileEncoding = 4; lastKnownFileType = sourcecode.swift; path = MoreTableViewController.swift; sourceTree = "<group>"; };
		BB063C801ED6D9EA00A1DE1C /* LicenseViewController.swift */ = {isa = PBXFileReference; fileEncoding = 4; lastKnownFileType = sourcecode.swift; path = LicenseViewController.swift; sourceTree = "<group>"; };
		BB063C821ED6DD0700A1DE1C /* Licenses.plist */ = {isa = PBXFileReference; fileEncoding = 4; lastKnownFileType = text.plist.xml; path = Licenses.plist; sourceTree = "<group>"; };
		BB063C841ED6DF5F00A1DE1C /* License.swift */ = {isa = PBXFileReference; fileEncoding = 4; lastKnownFileType = sourcecode.swift; path = License.swift; sourceTree = "<group>"; };
		BB063C861ED6E35800A1DE1C /* FileName.swift */ = {isa = PBXFileReference; fileEncoding = 4; lastKnownFileType = sourcecode.swift; path = FileName.swift; sourceTree = "<group>"; };
		BB1948051ECD86CB0065A473 /* Assets.xcassets */ = {isa = PBXFileReference; lastKnownFileType = folder.assetcatalog; path = Assets.xcassets; sourceTree = "<group>"; };
		BB1962531EB9D0FF00AA3818 /* ShareExtension.entitlements */ = {isa = PBXFileReference; lastKnownFileType = text.plist.entitlements; path = ShareExtension.entitlements; sourceTree = "<group>"; };
		BB1CFA311EE69F7A00B58C57 /* ListsViewController.swift */ = {isa = PBXFileReference; fileEncoding = 4; lastKnownFileType = sourcecode.swift; path = ListsViewController.swift; sourceTree = "<group>"; };
		BB2B050A1EF4D34100339B5E /* ModalPresentationController.swift */ = {isa = PBXFileReference; fileEncoding = 4; lastKnownFileType = sourcecode.swift; path = ModalPresentationController.swift; sourceTree = "<group>"; };
		BB2B050B1EF4D34100339B5E /* ModalTransition.swift */ = {isa = PBXFileReference; fileEncoding = 4; lastKnownFileType = sourcecode.swift; path = ModalTransition.swift; sourceTree = "<group>"; };
		BB2D01511EBD673F00D13D35 /* AppGroup.swift */ = {isa = PBXFileReference; fileEncoding = 4; lastKnownFileType = sourcecode.swift; path = AppGroup.swift; sourceTree = "<group>"; };
		BB37967020E11CA300D083B1 /* Alert.swift */ = {isa = PBXFileReference; lastKnownFileType = sourcecode.swift; path = Alert.swift; sourceTree = "<group>"; };
		BB3A66631ED81299003E7CC9 /* AppSettings.swift */ = {isa = PBXFileReference; fileEncoding = 4; lastKnownFileType = sourcecode.swift; path = AppSettings.swift; sourceTree = "<group>"; };
		BB3A66651ED8192D003E7CC9 /* SystemConfiguration.framework */ = {isa = PBXFileReference; lastKnownFileType = wrapper.framework; name = SystemConfiguration.framework; path = System/Library/Frameworks/SystemConfiguration.framework; sourceTree = SDKROOT; };
		BB3D02871ECC082200604435 /* ListsTableViewCell.swift */ = {isa = PBXFileReference; fileEncoding = 4; lastKnownFileType = sourcecode.swift; path = ListsTableViewCell.swift; sourceTree = "<group>"; };
		BB3D02881ECC082200604435 /* ListsTableViewCell.xib */ = {isa = PBXFileReference; fileEncoding = 4; lastKnownFileType = file.xib; path = ListsTableViewCell.xib; sourceTree = "<group>"; };
		BB3D028D1ECC3C7F00604435 /* ListDetailTableViewCell.swift */ = {isa = PBXFileReference; fileEncoding = 4; lastKnownFileType = sourcecode.swift; path = ListDetailTableViewCell.swift; sourceTree = "<group>"; };
		BB3D028E1ECC3C7F00604435 /* ListDetailTableViewCell.xib */ = {isa = PBXFileReference; fileEncoding = 4; lastKnownFileType = file.xib; path = ListDetailTableViewCell.xib; sourceTree = "<group>"; };
		BB7783121EB89EEA004C132E /* dCollector.app */ = {isa = PBXFileReference; explicitFileType = wrapper.application; includeInIndex = 0; path = dCollector.app; sourceTree = BUILT_PRODUCTS_DIR; };
		BB7783541EB8A77E004C132E /* ShareExtension.appex */ = {isa = PBXFileReference; explicitFileType = "wrapper.app-extension"; includeInIndex = 0; path = ShareExtension.appex; sourceTree = BUILT_PRODUCTS_DIR; };
		BB7783561EB8A77E004C132E /* ShareViewController.swift */ = {isa = PBXFileReference; lastKnownFileType = sourcecode.swift; path = ShareViewController.swift; sourceTree = "<group>"; };
		BB7783591EB8A77E004C132E /* Base */ = {isa = PBXFileReference; lastKnownFileType = file.storyboard; name = Base; path = Base.lproj/MainInterface.storyboard; sourceTree = "<group>"; };
		BB77835B1EB8A77E004C132E /* Info.plist */ = {isa = PBXFileReference; lastKnownFileType = text.plist.xml; path = Info.plist; sourceTree = "<group>"; };
		BB7783951EB8B169004C132E /* AppIcon.xcassets */ = {isa = PBXFileReference; lastKnownFileType = folder.assetcatalog; path = AppIcon.xcassets; sourceTree = "<group>"; };
		BBAA326C1F0BB2C200AD97D4 /* MoreBrowserSwitchTableViewCell.swift */ = {isa = PBXFileReference; fileEncoding = 4; lastKnownFileType = sourcecode.swift; path = MoreBrowserSwitchTableViewCell.swift; sourceTree = "<group>"; };
		BBC0636A1EC5B02B00840A40 /* AppDelegate.swift */ = {isa = PBXFileReference; fileEncoding = 4; lastKnownFileType = sourcecode.swift; path = AppDelegate.swift; sourceTree = "<group>"; };
		BBC0636D1EC5B02B00840A40 /* Realm.swift */ = {isa = PBXFileReference; fileEncoding = 4; lastKnownFileType = sourcecode.swift; path = Realm.swift; sourceTree = "<group>"; };
		BBC0636E1EC5B02B00840A40 /* RealmManager.swift */ = {isa = PBXFileReference; fileEncoding = 4; lastKnownFileType = sourcecode.swift; path = RealmManager.swift; sourceTree = "<group>"; };
		BBC0636F1EC5B02B00840A40 /* dCollector.entitlements */ = {isa = PBXFileReference; fileEncoding = 4; lastKnownFileType = text.plist.entitlements; path = dCollector.entitlements; sourceTree = "<group>"; };
		BBC063711EC5B02B00840A40 /* Info.plist */ = {isa = PBXFileReference; fileEncoding = 4; lastKnownFileType = text.plist.xml; path = Info.plist; sourceTree = "<group>"; };
		BBC063721EC5B02B00840A40 /* Launch.xib */ = {isa = PBXFileReference; fileEncoding = 4; lastKnownFileType = file.xib; path = Launch.xib; sourceTree = "<group>"; };
		BBC063731EC5B02B00840A40 /* ListDetailViewController.swift */ = {isa = PBXFileReference; fileEncoding = 4; lastKnownFileType = sourcecode.swift; path = ListDetailViewController.swift; sourceTree = "<group>"; };
		BBC063751EC5B02B00840A40 /* Main.storyboard */ = {isa = PBXFileReference; fileEncoding = 4; lastKnownFileType = file.storyboard; path = Main.storyboard; sourceTree = "<group>"; };
		BBCB1B3720EB452200467030 /* PropertyAnimation.swift */ = {isa = PBXFileReference; lastKnownFileType = sourcecode.swift; path = PropertyAnimation.swift; sourceTree = "<group>"; };
		BBDEB0701EC97A4100E85572 /* UIColorExtension.swift */ = {isa = PBXFileReference; fileEncoding = 4; lastKnownFileType = sourcecode.swift; path = UIColorExtension.swift; sourceTree = "<group>"; };
		BBDEB0851EC9D67100E85572 /* Transaction.swift */ = {isa = PBXFileReference; fileEncoding = 4; lastKnownFileType = sourcecode.swift; path = Transaction.swift; sourceTree = "<group>"; };
		BBE178731F0B9A4100A0A646 /* NavigationController.swift */ = {isa = PBXFileReference; fileEncoding = 4; lastKnownFileType = sourcecode.swift; path = NavigationController.swift; sourceTree = "<group>"; };
		BBF6D0E31EED7B5100F87F88 /* StringExtension.swift */ = {isa = PBXFileReference; fileEncoding = 4; lastKnownFileType = sourcecode.swift; path = StringExtension.swift; sourceTree = "<group>"; };
		BBF6D0E81EED7F7200F87F88 /* Base */ = {isa = PBXFileReference; lastKnownFileType = text.plist.strings; name = Base; path = Base.lproj/Localizable.strings; sourceTree = "<group>"; };
		BBF6D0EA1EED7FAB00F87F88 /* ja */ = {isa = PBXFileReference; lastKnownFileType = text.plist.strings; name = ja; path = ja.lproj/Localizable.strings; sourceTree = "<group>"; };
		C2155B64B2573736BD1CB62D /* Pods-dCollector.debug.xcconfig */ = {isa = PBXFileReference; includeInIndex = 1; lastKnownFileType = text.xcconfig; name = "Pods-dCollector.debug.xcconfig"; path = "Pods/Target Support Files/Pods-dCollector/Pods-dCollector.debug.xcconfig"; sourceTree = "<group>"; };
/* End PBXFileReference section */

/* Begin PBXFrameworksBuildPhase section */
		BB77830F1EB89EEA004C132E /* Frameworks */ = {
			isa = PBXFrameworksBuildPhase;
			buildActionMask = 2147483647;
			files = (
				BB3A66661ED8192D003E7CC9 /* SystemConfiguration.framework in Frameworks */,
				5CB470DB43401AE8FA39DC27 /* Pods_dCollector.framework in Frameworks */,
			);
			runOnlyForDeploymentPostprocessing = 0;
		};
		BB7783511EB8A77E004C132E /* Frameworks */ = {
			isa = PBXFrameworksBuildPhase;
			buildActionMask = 2147483647;
			files = (
			);
			runOnlyForDeploymentPostprocessing = 0;
		};
/* End PBXFrameworksBuildPhase section */

/* Begin PBXGroup section */
		0A5F5D7D24B40D736FC6481A /* Pods */ = {
			isa = PBXGroup;
			children = (
				C2155B64B2573736BD1CB62D /* Pods-dCollector.debug.xcconfig */,
				1DE47415FCFD202A8960532D /* Pods-dCollector.release.xcconfig */,
			);
			name = Pods;
			sourceTree = "<group>";
		};
		8C7FD820FC818656BCA6D1D9 /* Frameworks */ = {
			isa = PBXGroup;
			children = (
				BB3A66651ED8192D003E7CC9 /* SystemConfiguration.framework */,
				9EF23F84B3A34D67648F2F56 /* Pods_dCollector.framework */,
			);
			name = Frameworks;
			sourceTree = "<group>";
		};
		BB2B05091EF4D32400339B5E /* ModalSystem */ = {
			isa = PBXGroup;
			children = (
				BB2B050A1EF4D34100339B5E /* ModalPresentationController.swift */,
				BB2B050B1EF4D34100339B5E /* ModalTransition.swift */,
			);
			name = ModalSystem;
			sourceTree = "<group>";
		};
		BB2D014F1EBD66A600D13D35 /* appGroup */ = {
			isa = PBXGroup;
			children = (
				BB7783141EB89EEA004C132E /* dCollector */,
				BB7783551EB8A77E004C132E /* ShareExtension */,
				BB2D01501EBD66D600D13D35 /* Util */,
			);
			name = appGroup;
			sourceTree = "<group>";
		};
		BB2D01501EBD66D600D13D35 /* Util */ = {
			isa = PBXGroup;
			children = (
				BB2D01511EBD673F00D13D35 /* AppGroup.swift */,
				BBDEB0701EC97A4100E85572 /* UIColorExtension.swift */,
				BB3A66631ED81299003E7CC9 /* AppSettings.swift */,
				BBF6D0E31EED7B5100F87F88 /* StringExtension.swift */,
			);
			name = Util;
			sourceTree = "<group>";
		};
		BB61D3841EC0063600FA0633 /* Service */ = {
			isa = PBXGroup;
			children = (
				BBDEB0851EC9D67100E85572 /* Transaction.swift */,
				BB37967020E11CA300D083B1 /* Alert.swift */,
			);
			name = Service;
			sourceTree = "<group>";
		};
		BB7783091EB89EEA004C132E = {
			isa = PBXGroup;
			children = (
				BB2D014F1EBD66A600D13D35 /* appGroup */,
				BB7783131EB89EEA004C132E /* Products */,
				0A5F5D7D24B40D736FC6481A /* Pods */,
				8C7FD820FC818656BCA6D1D9 /* Frameworks */,
			);
			sourceTree = "<group>";
		};
		BB7783131EB89EEA004C132E /* Products */ = {
			isa = PBXGroup;
			children = (
				BB7783121EB89EEA004C132E /* dCollector.app */,
				BB7783541EB8A77E004C132E /* ShareExtension.appex */,
			);
			name = Products;
			sourceTree = "<group>";
		};
		BB7783141EB89EEA004C132E /* dCollector */ = {
			isa = PBXGroup;
			children = (
				BB00AE521F70FC9000DDFC6D /* GoogleService-Info.plist */,
				BB2B05091EF4D32400339B5E /* ModalSystem */,
				BB1948051ECD86CB0065A473 /* Assets.xcassets */,
				BBC0636A1EC5B02B00840A40 /* AppDelegate.swift */,
				BBE178731F0B9A4100A0A646 /* NavigationController.swift */,
				BBC0636F1EC5B02B00840A40 /* dCollector.entitlements */,
				BBC063711EC5B02B00840A40 /* Info.plist */,
				BB063C821ED6DD0700A1DE1C /* Licenses.plist */,
				BBC063721EC5B02B00840A40 /* Launch.xib */,
				BBC063731EC5B02B00840A40 /* ListDetailViewController.swift */,
				BB1CFA311EE69F7A00B58C57 /* ListsViewController.swift */,
				BB063C7E1ED6CB1C00A1DE1C /* MoreTableViewController.swift */,
				BB063C801ED6D9EA00A1DE1C /* LicenseViewController.swift */,
				BBC063751EC5B02B00840A40 /* Main.storyboard */,
				BBDEB0841EC9A12600E85572 /* View */,
				BBC76F4F1EC09C81000EB7CF /* Model */,
				BB61D3841EC0063600FA0633 /* Service */,
				BBF6D0E91EED7F7200F87F88 /* Localizable.strings */,
			);
			path = dCollector;
			sourceTree = "<group>";
		};
		BB7783551EB8A77E004C132E /* ShareExtension */ = {
			isa = PBXGroup;
			children = (
				BB1962531EB9D0FF00AA3818 /* ShareExtension.entitlements */,
				BB7783951EB8B169004C132E /* AppIcon.xcassets */,
				BB7783561EB8A77E004C132E /* ShareViewController.swift */,
				BB7783581EB8A77E004C132E /* MainInterface.storyboard */,
				BB77835B1EB8A77E004C132E /* Info.plist */,
			);
			path = ShareExtension;
			sourceTree = "<group>";
		};
		BBC76F4F1EC09C81000EB7CF /* Model */ = {
			isa = PBXGroup;
			children = (
				BBC0636D1EC5B02B00840A40 /* Realm.swift */,
				BBC0636E1EC5B02B00840A40 /* RealmManager.swift */,
				BB063C841ED6DF5F00A1DE1C /* License.swift */,
				BB063C861ED6E35800A1DE1C /* FileName.swift */,
				BBCB1B3720EB452200467030 /* PropertyAnimation.swift */,
			);
			name = Model;
			sourceTree = "<group>";
		};
		BBDEB0841EC9A12600E85572 /* View */ = {
			isa = PBXGroup;
			children = (
				BB3D02871ECC082200604435 /* ListsTableViewCell.swift */,
				BB3D02881ECC082200604435 /* ListsTableViewCell.xib */,
				BB3D028D1ECC3C7F00604435 /* ListDetailTableViewCell.swift */,
				BB3D028E1ECC3C7F00604435 /* ListDetailTableViewCell.xib */,
				BBAA326C1F0BB2C200AD97D4 /* MoreBrowserSwitchTableViewCell.swift */,
			);
			name = View;
			sourceTree = "<group>";
		};
/* End PBXGroup section */

/* Begin PBXNativeTarget section */
		BB7783111EB89EEA004C132E /* dCollector */ = {
			isa = PBXNativeTarget;
			buildConfigurationList = BB7783261EB89EEA004C132E /* Build configuration list for PBXNativeTarget "dCollector" */;
			buildPhases = (
				9FFDD2FB252BD41ED4C2DC01 /* [CP] Check Pods Manifest.lock */,
				BB77830E1EB89EEA004C132E /* Sources */,
				BB77830F1EB89EEA004C132E /* Frameworks */,
				BB7783101EB89EEA004C132E /* Resources */,
				BB77833B1EB89F2F004C132E /* Embed App Extensions */,
				489BED05849F85B4B381FFE8 /* [CP] Embed Pods Frameworks */,
			);
			buildRules = (
			);
			dependencies = (
				BB77835D1EB8A77E004C132E /* PBXTargetDependency */,
			);
			name = dCollector;
			productName = dCollector;
			productReference = BB7783121EB89EEA004C132E /* dCollector.app */;
			productType = "com.apple.product-type.application";
		};
		BB7783531EB8A77E004C132E /* ShareExtension */ = {
			isa = PBXNativeTarget;
			buildConfigurationList = BB77835F1EB8A77E004C132E /* Build configuration list for PBXNativeTarget "ShareExtension" */;
			buildPhases = (
				BB7783501EB8A77E004C132E /* Sources */,
				BB7783511EB8A77E004C132E /* Frameworks */,
				BB7783521EB8A77E004C132E /* Resources */,
			);
			buildRules = (
			);
			dependencies = (
			);
			name = ShareExtension;
			productName = ShareExtension;
			productReference = BB7783541EB8A77E004C132E /* ShareExtension.appex */;
			productType = "com.apple.product-type.app-extension";
		};
/* End PBXNativeTarget section */

/* Begin PBXProject section */
		BB77830A1EB89EEA004C132E /* Project object */ = {
			isa = PBXProject;
			attributes = {
				LastSwiftUpdateCheck = 0830;
				LastUpgradeCheck = 0830;
				ORGANIZATIONNAME = "Kazuki Sugita";
				TargetAttributes = {
					BB7783111EB89EEA004C132E = {
						CreatedOnToolsVersion = 8.3.2;
						DevelopmentTeam = DX96WU2A55;
						ProvisioningStyle = Automatic;
						SystemCapabilities = {
							com.apple.ApplicationGroups.iOS = {
								enabled = 1;
							};
							com.apple.Keychain = {
								enabled = 0;
							};
							com.apple.Push = {
								enabled = 0;
							};
						};
					};
					BB7783531EB8A77E004C132E = {
						CreatedOnToolsVersion = 8.3.2;
						DevelopmentTeam = DX96WU2A55;
						ProvisioningStyle = Automatic;
						SystemCapabilities = {
							com.apple.ApplicationGroups.iOS = {
								enabled = 1;
							};
							com.apple.Keychain = {
								enabled = 0;
							};
						};
					};
				};
			};
			buildConfigurationList = BB77830D1EB89EEA004C132E /* Build configuration list for PBXProject "dCollector" */;
			compatibilityVersion = "Xcode 3.2";
			developmentRegion = English;
			hasScannedForEncodings = 0;
			knownRegions = (
				en,
				Base,
				ja,
			);
			mainGroup = BB7783091EB89EEA004C132E;
			productRefGroup = BB7783131EB89EEA004C132E /* Products */;
			projectDirPath = "";
			projectRoot = "";
			targets = (
				BB7783111EB89EEA004C132E /* dCollector */,
				BB7783531EB8A77E004C132E /* ShareExtension */,
			);
		};
/* End PBXProject section */

/* Begin PBXResourcesBuildPhase section */
		BB7783101EB89EEA004C132E /* Resources */ = {
			isa = PBXResourcesBuildPhase;
			buildActionMask = 2147483647;
			files = (
				BB3D028A1ECC082200604435 /* ListsTableViewCell.xib in Resources */,
				BB00AE531F70FC9000DDFC6D /* GoogleService-Info.plist in Resources */,
				BBC0637F1EC5B02B00840A40 /* Launch.xib in Resources */,
				BB063C831ED6DD0700A1DE1C /* Licenses.plist in Resources */,
				BBF6D0E71EED7F7200F87F88 /* Localizable.strings in Resources */,
				BB1948061ECD86CB0065A473 /* Assets.xcassets in Resources */,
				BBC063821EC5B02B00840A40 /* Main.storyboard in Resources */,
				BB3D02901ECC3C7F00604435 /* ListDetailTableViewCell.xib in Resources */,
			);
			runOnlyForDeploymentPostprocessing = 0;
		};
		BB7783521EB8A77E004C132E /* Resources */ = {
			isa = PBXResourcesBuildPhase;
			buildActionMask = 2147483647;
			files = (
				BB7783961EB8B169004C132E /* AppIcon.xcassets in Resources */,
				BB77835A1EB8A77E004C132E /* MainInterface.storyboard in Resources */,
			);
			runOnlyForDeploymentPostprocessing = 0;
		};
/* End PBXResourcesBuildPhase section */

/* Begin PBXShellScriptBuildPhase section */
		489BED05849F85B4B381FFE8 /* [CP] Embed Pods Frameworks */ = {
			isa = PBXShellScriptBuildPhase;
			buildActionMask = 2147483647;
			files = (
			);
			inputPaths = (
				"${SRCROOT}/Pods/Target Support Files/Pods-dCollector/Pods-dCollector-frameworks.sh",
				"${BUILT_PRODUCTS_DIR}/Ji/Ji.framework",
				"${BUILT_PRODUCTS_DIR}/Realm/Realm.framework",
				"${BUILT_PRODUCTS_DIR}/RealmSwift/RealmSwift.framework",
			);
			name = "[CP] Embed Pods Frameworks";
			outputPaths = (
				"${TARGET_BUILD_DIR}/${FRAMEWORKS_FOLDER_PATH}/Ji.framework",
				"${TARGET_BUILD_DIR}/${FRAMEWORKS_FOLDER_PATH}/Realm.framework",
				"${TARGET_BUILD_DIR}/${FRAMEWORKS_FOLDER_PATH}/RealmSwift.framework",
			);
			runOnlyForDeploymentPostprocessing = 0;
			shellPath = /bin/sh;
			shellScript = "\"${SRCROOT}/Pods/Target Support Files/Pods-dCollector/Pods-dCollector-frameworks.sh\"\n";
			showEnvVarsInLog = 0;
		};
		9FFDD2FB252BD41ED4C2DC01 /* [CP] Check Pods Manifest.lock */ = {
			isa = PBXShellScriptBuildPhase;
			buildActionMask = 2147483647;
			files = (
			);
			inputPaths = (
				"${PODS_PODFILE_DIR_PATH}/Podfile.lock",
				"${PODS_ROOT}/Manifest.lock",
			);
			name = "[CP] Check Pods Manifest.lock";
			outputPaths = (
				"$(DERIVED_FILE_DIR)/Pods-dCollector-checkManifestLockResult.txt",
			);
			runOnlyForDeploymentPostprocessing = 0;
			shellPath = /bin/sh;
			shellScript = "diff \"${PODS_PODFILE_DIR_PATH}/Podfile.lock\" \"${PODS_ROOT}/Manifest.lock\" > /dev/null\nif [ $? != 0 ] ; then\n    # print error to STDERR\n    echo \"error: The sandbox is not in sync with the Podfile.lock. Run 'pod install' or update your CocoaPods installation.\" >&2\n    exit 1\nfi\n# This output is used by Xcode 'outputs' to avoid re-running this script phase.\necho \"SUCCESS\" > \"${SCRIPT_OUTPUT_FILE_0}\"\n";
			showEnvVarsInLog = 0;
		};
/* End PBXShellScriptBuildPhase section */

/* Begin PBXSourcesBuildPhase section */
		BB77830E1EB89EEA004C132E /* Sources */ = {
			isa = PBXSourcesBuildPhase;
			buildActionMask = 2147483647;
			files = (
				BBCB1B3820EB452200467030 /* PropertyAnimation.swift in Sources */,
				BBC063781EC5B02B00840A40 /* AppDelegate.swift in Sources */,
				BB2B050C1EF4D34100339B5E /* ModalPresentationController.swift in Sources */,
				BB2B050D1EF4D34100339B5E /* ModalTransition.swift in Sources */,
				BB063C811ED6D9EA00A1DE1C /* LicenseViewController.swift in Sources */,
				BB063C871ED6E35800A1DE1C /* FileName.swift in Sources */,
				BBDEB0861EC9D67100E85572 /* Transaction.swift in Sources */,
				BB3D02891ECC082200604435 /* ListsTableViewCell.swift in Sources */,
				BB37967120E11CA300D083B1 /* Alert.swift in Sources */,
				BB1CFA321EE69F7A00B58C57 /* ListsViewController.swift in Sources */,
				BB3D028F1ECC3C7F00604435 /* ListDetailTableViewCell.swift in Sources */,
				BBC0637B1EC5B02B00840A40 /* Realm.swift in Sources */,
				BBC0637C1EC5B02B00840A40 /* RealmManager.swift in Sources */,
				BB063C851ED6DF5F00A1DE1C /* License.swift in Sources */,
				BB063C7F1ED6CB1C00A1DE1C /* MoreTableViewController.swift in Sources */,
				BB3A66641ED81299003E7CC9 /* AppSettings.swift in Sources */,
				BBC063801EC5B02B00840A40 /* ListDetailViewController.swift in Sources */,
				BBF6D0E41EED7B5100F87F88 /* StringExtension.swift in Sources */,
				BBE178741F0B9A4100A0A646 /* NavigationController.swift in Sources */,
				BBDEB0711EC97A4100E85572 /* UIColorExtension.swift in Sources */,
				BB2D01521EBD673F00D13D35 /* AppGroup.swift in Sources */,
				BBAA326D1F0BB2C200AD97D4 /* MoreBrowserSwitchTableViewCell.swift in Sources */,
			);
			runOnlyForDeploymentPostprocessing = 0;
		};
		BB7783501EB8A77E004C132E /* Sources */ = {
			isa = PBXSourcesBuildPhase;
			buildActionMask = 2147483647;
			files = (
				BB2D01531EBD673F00D13D35 /* AppGroup.swift in Sources */,
				BB7783571EB8A77E004C132E /* ShareViewController.swift in Sources */,
			);
			runOnlyForDeploymentPostprocessing = 0;
		};
/* End PBXSourcesBuildPhase section */

/* Begin PBXTargetDependency section */
		BB77835D1EB8A77E004C132E /* PBXTargetDependency */ = {
			isa = PBXTargetDependency;
			target = BB7783531EB8A77E004C132E /* ShareExtension */;
			targetProxy = BB77835C1EB8A77E004C132E /* PBXContainerItemProxy */;
		};
/* End PBXTargetDependency section */

/* Begin PBXVariantGroup section */
		BB7783581EB8A77E004C132E /* MainInterface.storyboard */ = {
			isa = PBXVariantGroup;
			children = (
				BB7783591EB8A77E004C132E /* Base */,
			);
			name = MainInterface.storyboard;
			sourceTree = "<group>";
		};
		BBF6D0E91EED7F7200F87F88 /* Localizable.strings */ = {
			isa = PBXVariantGroup;
			children = (
				BBF6D0E81EED7F7200F87F88 /* Base */,
				BBF6D0EA1EED7FAB00F87F88 /* ja */,
			);
			name = Localizable.strings;
			sourceTree = "<group>";
		};
/* End PBXVariantGroup section */

/* Begin XCBuildConfiguration section */
		BB7783241EB89EEA004C132E /* Debug */ = {
			isa = XCBuildConfiguration;
			buildSettings = {
				ALWAYS_SEARCH_USER_PATHS = NO;
				CLANG_ANALYZER_LOCALIZABILITY_NONLOCALIZED = YES;
				CLANG_ANALYZER_NONNULL = YES;
				CLANG_ANALYZER_NUMBER_OBJECT_CONVERSION = YES_AGGRESSIVE;
				CLANG_CXX_LANGUAGE_STANDARD = "gnu++0x";
				CLANG_CXX_LIBRARY = "libc++";
				CLANG_ENABLE_MODULES = YES;
				CLANG_ENABLE_OBJC_ARC = YES;
				CLANG_WARN_BOOL_CONVERSION = YES;
				CLANG_WARN_CONSTANT_CONVERSION = YES;
				CLANG_WARN_DIRECT_OBJC_ISA_USAGE = YES_ERROR;
				CLANG_WARN_DOCUMENTATION_COMMENTS = YES;
				CLANG_WARN_EMPTY_BODY = YES;
				CLANG_WARN_ENUM_CONVERSION = YES;
				CLANG_WARN_INFINITE_RECURSION = YES;
				CLANG_WARN_INT_CONVERSION = YES;
				CLANG_WARN_OBJC_ROOT_CLASS = YES_ERROR;
				CLANG_WARN_SUSPICIOUS_MOVE = YES;
				CLANG_WARN_UNREACHABLE_CODE = YES;
				CLANG_WARN__DUPLICATE_METHOD_MATCH = YES;
				"CODE_SIGN_IDENTITY[sdk=iphoneos*]" = "iPhone Developer";
				COPY_PHASE_STRIP = NO;
				DEBUG_INFORMATION_FORMAT = dwarf;
				ENABLE_STRICT_OBJC_MSGSEND = YES;
				ENABLE_TESTABILITY = YES;
				GCC_C_LANGUAGE_STANDARD = gnu99;
				GCC_DYNAMIC_NO_PIC = NO;
				GCC_NO_COMMON_BLOCKS = YES;
				GCC_OPTIMIZATION_LEVEL = 0;
				GCC_PREPROCESSOR_DEFINITIONS = (
					"DEBUG=1",
					"$(inherited)",
				);
				GCC_WARN_64_TO_32_BIT_CONVERSION = YES;
				GCC_WARN_ABOUT_RETURN_TYPE = YES_ERROR;
				GCC_WARN_UNDECLARED_SELECTOR = YES;
				GCC_WARN_UNINITIALIZED_AUTOS = YES_AGGRESSIVE;
				GCC_WARN_UNUSED_FUNCTION = YES;
				GCC_WARN_UNUSED_VARIABLE = YES;
				IPHONEOS_DEPLOYMENT_TARGET = 10.3;
				MTL_ENABLE_DEBUG_INFO = YES;
				ONLY_ACTIVE_ARCH = YES;
				SDKROOT = iphoneos;
				SWIFT_ACTIVE_COMPILATION_CONDITIONS = DEBUG;
				SWIFT_OPTIMIZATION_LEVEL = "-Onone";
				TARGETED_DEVICE_FAMILY = "1,2";
			};
			name = Debug;
		};
		BB7783251EB89EEA004C132E /* Release */ = {
			isa = XCBuildConfiguration;
			buildSettings = {
				ALWAYS_SEARCH_USER_PATHS = NO;
				CLANG_ANALYZER_LOCALIZABILITY_NONLOCALIZED = YES;
				CLANG_ANALYZER_NONNULL = YES;
				CLANG_ANALYZER_NUMBER_OBJECT_CONVERSION = YES_AGGRESSIVE;
				CLANG_CXX_LANGUAGE_STANDARD = "gnu++0x";
				CLANG_CXX_LIBRARY = "libc++";
				CLANG_ENABLE_MODULES = YES;
				CLANG_ENABLE_OBJC_ARC = YES;
				CLANG_WARN_BOOL_CONVERSION = YES;
				CLANG_WARN_CONSTANT_CONVERSION = YES;
				CLANG_WARN_DIRECT_OBJC_ISA_USAGE = YES_ERROR;
				CLANG_WARN_DOCUMENTATION_COMMENTS = YES;
				CLANG_WARN_EMPTY_BODY = YES;
				CLANG_WARN_ENUM_CONVERSION = YES;
				CLANG_WARN_INFINITE_RECURSION = YES;
				CLANG_WARN_INT_CONVERSION = YES;
				CLANG_WARN_OBJC_ROOT_CLASS = YES_ERROR;
				CLANG_WARN_SUSPICIOUS_MOVE = YES;
				CLANG_WARN_UNREACHABLE_CODE = YES;
				CLANG_WARN__DUPLICATE_METHOD_MATCH = YES;
				"CODE_SIGN_IDENTITY[sdk=iphoneos*]" = "iPhone Developer";
				COPY_PHASE_STRIP = NO;
				DEBUG_INFORMATION_FORMAT = "dwarf-with-dsym";
				ENABLE_NS_ASSERTIONS = NO;
				ENABLE_STRICT_OBJC_MSGSEND = YES;
				GCC_C_LANGUAGE_STANDARD = gnu99;
				GCC_NO_COMMON_BLOCKS = YES;
				GCC_WARN_64_TO_32_BIT_CONVERSION = YES;
				GCC_WARN_ABOUT_RETURN_TYPE = YES_ERROR;
				GCC_WARN_UNDECLARED_SELECTOR = YES;
				GCC_WARN_UNINITIALIZED_AUTOS = YES_AGGRESSIVE;
				GCC_WARN_UNUSED_FUNCTION = YES;
				GCC_WARN_UNUSED_VARIABLE = YES;
				IPHONEOS_DEPLOYMENT_TARGET = 10.3;
				MTL_ENABLE_DEBUG_INFO = NO;
				SDKROOT = iphoneos;
				SWIFT_OPTIMIZATION_LEVEL = "-Owholemodule";
				TARGETED_DEVICE_FAMILY = "1,2";
				VALIDATE_PRODUCT = YES;
			};
			name = Release;
		};
		BB7783271EB89EEA004C132E /* Debug */ = {
			isa = XCBuildConfiguration;
			baseConfigurationReference = C2155B64B2573736BD1CB62D /* Pods-dCollector.debug.xcconfig */;
			buildSettings = {
				ALWAYS_EMBED_SWIFT_STANDARD_LIBRARIES = YES;
				ASSETCATALOG_COMPILER_APPICON_NAME = AppIcon;
				CODE_SIGN_ENTITLEMENTS = dCollector/dCollector.entitlements;
				DEVELOPMENT_TEAM = DX96WU2A55;
				INFOPLIST_FILE = dCollector/Info.plist;
				IPHONEOS_DEPLOYMENT_TARGET = 10.0;
				LD_RUNPATH_SEARCH_PATHS = "$(inherited) @executable_path/Frameworks";
				PRODUCT_BUNDLE_IDENTIFIER = com.KazukiSugita.dCollectorApp;
				PRODUCT_NAME = "$(TARGET_NAME)";
				SWIFT_VERSION = 3.0;
				TARGETED_DEVICE_FAMILY = 1;
			};
			name = Debug;
		};
		BB7783281EB89EEA004C132E /* Release */ = {
			isa = XCBuildConfiguration;
			baseConfigurationReference = 1DE47415FCFD202A8960532D /* Pods-dCollector.release.xcconfig */;
			buildSettings = {
				ALWAYS_EMBED_SWIFT_STANDARD_LIBRARIES = YES;
				ASSETCATALOG_COMPILER_APPICON_NAME = AppIcon;
				CODE_SIGN_ENTITLEMENTS = dCollector/dCollector.entitlements;
				DEVELOPMENT_TEAM = DX96WU2A55;
				INFOPLIST_FILE = dCollector/Info.plist;
				IPHONEOS_DEPLOYMENT_TARGET = 10.0;
				LD_RUNPATH_SEARCH_PATHS = "$(inherited) @executable_path/Frameworks";
				PRODUCT_BUNDLE_IDENTIFIER = com.KazukiSugita.dCollectorApp;
				PRODUCT_NAME = "$(TARGET_NAME)";
				SWIFT_VERSION = 3.0;
				TARGETED_DEVICE_FAMILY = 1;
			};
			name = Release;
		};
		BB7783601EB8A77E004C132E /* Debug */ = {
			isa = XCBuildConfiguration;
			buildSettings = {
				ASSETCATALOG_COMPILER_APPICON_NAME = AppIcon;
				CODE_SIGN_ENTITLEMENTS = ShareExtension/ShareExtension.entitlements;
				DEVELOPMENT_TEAM = DX96WU2A55;
				INFOPLIST_FILE = ShareExtension/Info.plist;
				IPHONEOS_DEPLOYMENT_TARGET = 10.0;
				LD_RUNPATH_SEARCH_PATHS = "$(inherited) @executable_path/Frameworks @executable_path/../../Frameworks";
				PRODUCT_BUNDLE_IDENTIFIER = com.KazukiSugita.dCollectorApp.Extension;
				PRODUCT_NAME = "$(TARGET_NAME)";
				SKIP_INSTALL = YES;
				SWIFT_VERSION = 3.0;
				TARGETED_DEVICE_FAMILY = 1;
			};
			name = Debug;
		};
		BB7783611EB8A77E004C132E /* Release */ = {
			isa = XCBuildConfiguration;
			buildSettings = {
				ASSETCATALOG_COMPILER_APPICON_NAME = AppIcon;
				CODE_SIGN_ENTITLEMENTS = ShareExtension/ShareExtension.entitlements;
				DEVELOPMENT_TEAM = DX96WU2A55;
				INFOPLIST_FILE = ShareExtension/Info.plist;
				IPHONEOS_DEPLOYMENT_TARGET = 10.0;
				LD_RUNPATH_SEARCH_PATHS = "$(inherited) @executable_path/Frameworks @executable_path/../../Frameworks";
				PRODUCT_BUNDLE_IDENTIFIER = com.KazukiSugita.dCollectorApp.Extension;
				PRODUCT_NAME = "$(TARGET_NAME)";
				SKIP_INSTALL = YES;
				SWIFT_VERSION = 3.0;
				TARGETED_DEVICE_FAMILY = 1;
			};
			name = Release;
		};
/* End XCBuildConfiguration section */

/* Begin XCConfigurationList section */
		BB77830D1EB89EEA004C132E /* Build configuration list for PBXProject "dCollector" */ = {
			isa = XCConfigurationList;
			buildConfigurations = (
				BB7783241EB89EEA004C132E /* Debug */,
				BB7783251EB89EEA004C132E /* Release */,
			);
			defaultConfigurationIsVisible = 0;
			defaultConfigurationName = Release;
		};
		BB7783261EB89EEA004C132E /* Build configuration list for PBXNativeTarget "dCollector" */ = {
			isa = XCConfigurationList;
			buildConfigurations = (
				BB7783271EB89EEA004C132E /* Debug */,
				BB7783281EB89EEA004C132E /* Release */,
			);
			defaultConfigurationIsVisible = 0;
			defaultConfigurationName = Release;
		};
		BB77835F1EB8A77E004C132E /* Build configuration list for PBXNativeTarget "ShareExtension" */ = {
			isa = XCConfigurationList;
			buildConfigurations = (
				BB7783601EB8A77E004C132E /* Debug */,
				BB7783611EB8A77E004C132E /* Release */,
			);
			defaultConfigurationIsVisible = 0;
			defaultConfigurationName = Release;
		};
/* End XCConfigurationList section */
	};
	rootObject = BB77830A1EB89EEA004C132E /* Project object */;
}
